
Microsoft Visual Studio Solution File, Format Version 12.00
# Visual Studio Version 17
VisualStudioVersion = 17.5.33530.505
MinimumVisualStudioVersion = 10.0.40219.1
Project("{FAE04EC0-301F-11D3-BF4B-00C04F79EFBC}") = "MyFirstApp", "MyFirstApp\MyFirstApp.csproj", "{AD029F28-CC0E-4540-A6FD-FEBFF2C1768E}"
EndProject
Global
	GlobalSection(SolutionConfigurationPlatforms) = preSolution
		Debug|Any CPU = Debug|Any CPU
		Release|Any CPU = Release|Any CPU
	EndGlobalSection
	GlobalSection(ProjectConfigurationPlatforms) = postSolution
		{AD029F28-CC0E-4540-A6FD-FEBFF2C1768E}.Debug|Any CPU.ActiveCfg = Debug|Any CPU
		{AD029F28-CC0E-4540-A6FD-FEBFF2C1768E}.Debug|Any CPU.Build.0 = Debug|Any CPU
		{AD029F28-CC0E-4540-A6FD-FEBFF2C1768E}.Release|Any CPU.ActiveCfg = Release|Any CPU
		{AD029F28-CC0E-4540-A6FD-FEBFF2C1768E}.Release|Any CPU.Build.0 = Release|Any CPU
	EndGlobalSection
	GlobalSection(SolutionProperties) = preSolution
		HideSolutionNode = FALSE
	EndGlobalSection
	GlobalSection(ExtensibilityGlobals) = postSolution
		SolutionGuid = {F182FC1C-9871-4DB6-92D3-9342B8D2A612}
	EndGlobalSection
EndGlobal
